
Microsoft Visual Studio Solution File, Format Version 12.00
# Visual Studio Version 17
VisualStudioVersion = 17.11.35312.102
MinimumVisualStudioVersion = 10.0.40219.1
Project("{2150E333-8FDC-42A3-9474-1A3956D46DE8}") = "src", "src", "{03B9E473-EF09-4612-ACB1-62CD75DC7703}"
EndProject
Project("{2150E333-8FDC-42A3-9474-1A3956D46DE8}") = "WebApi", "WebApi", "{4DB274B6-2210-413A-9334-2AD70BEF566D}"
EndProject
Project("{FAE04EC0-301F-11D3-BF4B-00C04F79EFBC}") = "BlazorApps.Server", "BlazorApps\BlazorApps.Server\BlazorApps.Server.csproj", "{B5458338-87DE-4195-8526-DB766EBE2A4D}"
EndProject
Project("{2150E333-8FDC-42A3-9474-1A3956D46DE8}") = "ClientApp", "ClientApp", "{333CE9B4-E6AD-44CD-ABED-750BB8F1E158}"
EndProject
Project("{FAE04EC0-301F-11D3-BF4B-00C04F79EFBC}") = "Client", "BlazorApps\Client\Client.csproj", "{2BC048F6-5EB8-4535-B0E2-9F8435CC7C3C}"
EndProject
Project("{FAE04EC0-301F-11D3-BF4B-00C04F79EFBC}") = "Client.Infrastructure", "BlazorApps\Client.Infrastructure\Client.Infrastructure.csproj", "{E9845410-AF62-473C-B3CB-7CC9AEA09612}"
EndProject
Project("{2150E333-8FDC-42A3-9474-1A3956D46DE8}") = "Core", "Core", "{281825AC-FF60-492E-A6F8-66131979F54F}"
EndProject
Project("{FAE04EC0-301F-11D3-BF4B-00C04F79EFBC}") = "Application", "BlazorApps\Application\Application.csproj", "{E9E181BC-0C3D-4B9B-A25E-F71FFBA84C3C}"
EndProject
Project("{FAE04EC0-301F-11D3-BF4B-00C04F79EFBC}") = "Domain", "BlazorApps\Domain\Domain.csproj", "{4E9F7B27-ECBB-46E2-B1C0-78D891F10C2C}"
EndProject
Project("{2150E333-8FDC-42A3-9474-1A3956D46DE8}") = "Infrastructure", "Infrastructure", "{F3F78F36-D7FB-4B06-A985-DCAAEC30B73C}"
EndProject
Project("{FAE04EC0-301F-11D3-BF4B-00C04F79EFBC}") = "Infrastructure", "BlazorApps\Infrastructure\Infrastructure.csproj", "{BF016117-C694-449A-9BAC-21AF29B00B7E}"
EndProject
Project("{2150E333-8FDC-42A3-9474-1A3956D46DE8}") = "Migrtions", "Migrtions", "{8F4B6508-2072-4250-9FDF-DDD08002061E}"
EndProject
Project("{FAE04EC0-301F-11D3-BF4B-00C04F79EFBC}") = "Migrators.MSSQL", "BlazorApps\Migrators.MSSQL\Migrators.MSSQL.csproj", "{1D0A862A-0C59-424A-941A-31A0202ABD31}"
EndProject
Project("{2150E333-8FDC-42A3-9474-1A3956D46DE8}") = "Shared", "Shared", "{7AA41B96-1BE7-496C-BC32-7551519D06F0}"
EndProject
Project("{FAE04EC0-301F-11D3-BF4B-00C04F79EFBC}") = "Shared", "BlazorApps\Shared\Shared.csproj", "{F6EB5FA4-A589-4C80-BCF9-12E6E3DC536D}"
EndProject
Global
	GlobalSection(SolutionConfigurationPlatforms) = preSolution
		Debug|Any CPU = Debug|Any CPU
		Release|Any CPU = Release|Any CPU
	EndGlobalSection
	GlobalSection(ProjectConfigurationPlatforms) = postSolution
		{B5458338-87DE-4195-8526-DB766EBE2A4D}.Debug|Any CPU.ActiveCfg = Debug|Any CPU
		{B5458338-87DE-4195-8526-DB766EBE2A4D}.Debug|Any CPU.Build.0 = Debug|Any CPU
		{B5458338-87DE-4195-8526-DB766EBE2A4D}.Release|Any CPU.ActiveCfg = Release|Any CPU
		{B5458338-87DE-4195-8526-DB766EBE2A4D}.Release|Any CPU.Build.0 = Release|Any CPU
		{2BC048F6-5EB8-4535-B0E2-9F8435CC7C3C}.Debug|Any CPU.ActiveCfg = Debug|Any CPU
		{2BC048F6-5EB8-4535-B0E2-9F8435CC7C3C}.Debug|Any CPU.Build.0 = Debug|Any CPU
		{2BC048F6-5EB8-4535-B0E2-9F8435CC7C3C}.Release|Any CPU.ActiveCfg = Release|Any CPU
		{2BC048F6-5EB8-4535-B0E2-9F8435CC7C3C}.Release|Any CPU.Build.0 = Release|Any CPU
		{E9845410-AF62-473C-B3CB-7CC9AEA09612}.Debug|Any CPU.ActiveCfg = Debug|Any CPU
		{E9845410-AF62-473C-B3CB-7CC9AEA09612}.Debug|Any CPU.Build.0 = Debug|Any CPU
		{E9845410-AF62-473C-B3CB-7CC9AEA09612}.Release|Any CPU.ActiveCfg = Release|Any CPU
		{E9845410-AF62-473C-B3CB-7CC9AEA09612}.Release|Any CPU.Build.0 = Release|Any CPU
		{E9E181BC-0C3D-4B9B-A25E-F71FFBA84C3C}.Debug|Any CPU.ActiveCfg = Debug|Any CPU
		{E9E181BC-0C3D-4B9B-A25E-F71FFBA84C3C}.Debug|Any CPU.Build.0 = Debug|Any CPU
		{E9E181BC-0C3D-4B9B-A25E-F71FFBA84C3C}.Release|Any CPU.ActiveCfg = Release|Any CPU
		{E9E181BC-0C3D-4B9B-A25E-F71FFBA84C3C}.Release|Any CPU.Build.0 = Release|Any CPU
		{4E9F7B27-ECBB-46E2-B1C0-78D891F10C2C}.Debug|Any CPU.ActiveCfg = Debug|Any CPU
		{4E9F7B27-ECBB-46E2-B1C0-78D891F10C2C}.Debug|Any CPU.Build.0 = Debug|Any CPU
		{4E9F7B27-ECBB-46E2-B1C0-78D891F10C2C}.Release|Any CPU.ActiveCfg = Release|Any CPU
		{4E9F7B27-ECBB-46E2-B1C0-78D891F10C2C}.Release|Any CPU.Build.0 = Release|Any CPU
		{BF016117-C694-449A-9BAC-21AF29B00B7E}.Debug|Any CPU.ActiveCfg = Debug|Any CPU
		{BF016117-C694-449A-9BAC-21AF29B00B7E}.Debug|Any CPU.Build.0 = Debug|Any CPU
		{BF016117-C694-449A-9BAC-21AF29B00B7E}.Release|Any CPU.ActiveCfg = Release|Any CPU
		{BF016117-C694-449A-9BAC-21AF29B00B7E}.Release|Any CPU.Build.0 = Release|Any CPU
		{1D0A862A-0C59-424A-941A-31A0202ABD31}.Debug|Any CPU.ActiveCfg = Debug|Any CPU
		{1D0A862A-0C59-424A-941A-31A0202ABD31}.Debug|Any CPU.Build.0 = Debug|Any CPU
		{1D0A862A-0C59-424A-941A-31A0202ABD31}.Release|Any CPU.ActiveCfg = Release|Any CPU
		{1D0A862A-0C59-424A-941A-31A0202ABD31}.Release|Any CPU.Build.0 = Release|Any CPU
		{F6EB5FA4-A589-4C80-BCF9-12E6E3DC536D}.Debug|Any CPU.ActiveCfg = Debug|Any CPU
		{F6EB5FA4-A589-4C80-BCF9-12E6E3DC536D}.Debug|Any CPU.Build.0 = Debug|Any CPU
		{F6EB5FA4-A589-4C80-BCF9-12E6E3DC536D}.Release|Any CPU.ActiveCfg = Release|Any CPU
		{F6EB5FA4-A589-4C80-BCF9-12E6E3DC536D}.Release|Any CPU.Build.0 = Release|Any CPU
	EndGlobalSection
	GlobalSection(SolutionProperties) = preSolution
		HideSolutionNode = FALSE
	EndGlobalSection
	GlobalSection(NestedProjects) = preSolution
		{4DB274B6-2210-413A-9334-2AD70BEF566D} = {03B9E473-EF09-4612-ACB1-62CD75DC7703}
		{B5458338-87DE-4195-8526-DB766EBE2A4D} = {4DB274B6-2210-413A-9334-2AD70BEF566D}
		{333CE9B4-E6AD-44CD-ABED-750BB8F1E158} = {03B9E473-EF09-4612-ACB1-62CD75DC7703}
		{2BC048F6-5EB8-4535-B0E2-9F8435CC7C3C} = {333CE9B4-E6AD-44CD-ABED-750BB8F1E158}
		{E9845410-AF62-473C-B3CB-7CC9AEA09612} = {333CE9B4-E6AD-44CD-ABED-750BB8F1E158}
		{281825AC-FF60-492E-A6F8-66131979F54F} = {03B9E473-EF09-4612-ACB1-62CD75DC7703}
		{E9E181BC-0C3D-4B9B-A25E-F71FFBA84C3C} = {281825AC-FF60-492E-A6F8-66131979F54F}
		{4E9F7B27-ECBB-46E2-B1C0-78D891F10C2C} = {281825AC-FF60-492E-A6F8-66131979F54F}
		{F3F78F36-D7FB-4B06-A985-DCAAEC30B73C} = {03B9E473-EF09-4612-ACB1-62CD75DC7703}
		{BF016117-C694-449A-9BAC-21AF29B00B7E} = {F3F78F36-D7FB-4B06-A985-DCAAEC30B73C}
		{8F4B6508-2072-4250-9FDF-DDD08002061E} = {03B9E473-EF09-4612-ACB1-62CD75DC7703}
		{1D0A862A-0C59-424A-941A-31A0202ABD31} = {8F4B6508-2072-4250-9FDF-DDD08002061E}
		{7AA41B96-1BE7-496C-BC32-7551519D06F0} = {03B9E473-EF09-4612-ACB1-62CD75DC7703}
		{F6EB5FA4-A589-4C80-BCF9-12E6E3DC536D} = {7AA41B96-1BE7-496C-BC32-7551519D06F0}
	EndGlobalSection
	GlobalSection(ExtensibilityGlobals) = postSolution
		SolutionGuid = {5292A01B-6BF4-496B-AB20-2A7B34F143E6}
	EndGlobalSection
EndGlobal
